{
  "name": "LeadFi",
  "lockfileVersion": 3,
  "requires": true,
  "packages": {
    "": {
      "dependencies": {
        "@fontsource/montserrat": "^5.2.6"
      }
    },
    "node_modules/@fontsource/montserrat": {
      "version": "5.2.6",
      "resolved": "https://registry.npmjs.org/@fontsource/montserrat/-/montserrat-5.2.6.tgz",
      "integrity": "sha512-AfFxq1q5tgkOsjQfMFsh95uMXh39VbGOuBLlHLFg16/txv93lqK7Sr6jev0neuJzZy1kqRG16SH6xpUYnk4cZg==",
      "license": "OFL-1.1",
      "funding": {
        "url": "https://github.com/sponsors/ayuhito"
      }
    }
  }
}
